// !$*UTF8*$!
{
	archiveVersion = 1;
	classes = {
	};
	objectVersion = 48;
	objects = {

/* Begin PBXBuildFile section */
		1C2E1AAC44191DAA171CC8C4 /* Pods_Skylux_iOS.framework in Frameworks */ = {isa = PBXBuildFile; fileRef = 042463083CCF98CA56D95303 /* Pods_Skylux_iOS.framework */; };
		7FCA220B9CFCBB9F7E6C82C0 /* Pods_Skylux_iOSUITests.framework in Frameworks */ = {isa = PBXBuildFile; fileRef = CDEC356D4444252CE9628B18 /* Pods_Skylux_iOSUITests.framework */; };
		970D63EB708F04AE48A47398 /* Pods_Skylux_iOSTests.framework in Frameworks */ = {isa = PBXBuildFile; fileRef = 49D50C8190841E03AFD97B88 /* Pods_Skylux_iOSTests.framework */; };
		D79E956A1FB1759F0069D5B7 /* AppDelegate.swift in Sources */ = {isa = PBXBuildFile; fileRef = D79E95691FB1759F0069D5B7 /* AppDelegate.swift */; };
		D79E956C1FB1759F0069D5B7 /* ViewController.swift in Sources */ = {isa = PBXBuildFile; fileRef = D79E956B1FB1759F0069D5B7 /* ViewController.swift */; };
		D79E956F1FB1759F0069D5B7 /* Main.storyboard in Resources */ = {isa = PBXBuildFile; fileRef = D79E956D1FB1759F0069D5B7 /* Main.storyboard */; };
		D79E95711FB1759F0069D5B7 /* Assets.xcassets in Resources */ = {isa = PBXBuildFile; fileRef = D79E95701FB1759F0069D5B7 /* Assets.xcassets */; };
		D79E95741FB1759F0069D5B7 /* LaunchScreen.storyboard in Resources */ = {isa = PBXBuildFile; fileRef = D79E95721FB1759F0069D5B7 /* LaunchScreen.storyboard */; };
		D79E957F1FB1759F0069D5B7 /* Skylux_iOSTests.swift in Sources */ = {isa = PBXBuildFile; fileRef = D79E957E1FB1759F0069D5B7 /* Skylux_iOSTests.swift */; };
		D79E958A1FB1759F0069D5B7 /* Skylux_iOSUITests.swift in Sources */ = {isa = PBXBuildFile; fileRef = D79E95891FB1759F0069D5B7 /* Skylux_iOSUITests.swift */; };
/* End PBXBuildFile section */

/* Begin PBXContainerItemProxy section */
		D79E957B1FB1759F0069D5B7 /* PBXContainerItemProxy */ = {
			isa = PBXContainerItemProxy;
			containerPortal = D79E955E1FB1759F0069D5B7 /* Project object */;
			proxyType = 1;
			remoteGlobalIDString = D79E95651FB1759F0069D5B7;
			remoteInfo = Skylux_iOS;
		};
		D79E95861FB1759F0069D5B7 /* PBXContainerItemProxy */ = {
			isa = PBXContainerItemProxy;
			containerPortal = D79E955E1FB1759F0069D5B7 /* Project object */;
			proxyType = 1;
			remoteGlobalIDString = D79E95651FB1759F0069D5B7;
			remoteInfo = Skylux_iOS;
		};
/* End PBXContainerItemProxy section */

/* Begin PBXFileReference section */
		042463083CCF98CA56D95303 /* Pods_Skylux_iOS.framework */ = {isa = PBXFileReference; explicitFileType = wrapper.framework; includeInIndex = 0; path = Pods_Skylux_iOS.framework; sourceTree = BUILT_PRODUCTS_DIR; };
		04807EE7F1006E2BAA94EACE /* Pods-Skylux_iOSUITests.debug.xcconfig */ = {isa = PBXFileReference; includeInIndex = 1; lastKnownFileType = text.xcconfig; name = "Pods-Skylux_iOSUITests.debug.xcconfig"; path = "Pods/Target Support Files/Pods-Skylux_iOSUITests/Pods-Skylux_iOSUITests.debug.xcconfig"; sourceTree = "<group>"; };
		4577A0DC961A9362D245F071 /* Pods-Skylux_iOS.debug.xcconfig */ = {isa = PBXFileReference; includeInIndex = 1; lastKnownFileType = text.xcconfig; name = "Pods-Skylux_iOS.debug.xcconfig"; path = "Pods/Target Support Files/Pods-Skylux_iOS/Pods-Skylux_iOS.debug.xcconfig"; sourceTree = "<group>"; };
		49D50C8190841E03AFD97B88 /* Pods_Skylux_iOSTests.framework */ = {isa = PBXFileReference; explicitFileType = wrapper.framework; includeInIndex = 0; path = Pods_Skylux_iOSTests.framework; sourceTree = BUILT_PRODUCTS_DIR; };
		5218999C6B39208EE3E2185D /* Pods-Skylux_iOSTests.release.xcconfig */ = {isa = PBXFileReference; includeInIndex = 1; lastKnownFileType = text.xcconfig; name = "Pods-Skylux_iOSTests.release.xcconfig"; path = "Pods/Target Support Files/Pods-Skylux_iOSTests/Pods-Skylux_iOSTests.release.xcconfig"; sourceTree = "<group>"; };
		8248BC8D29619E98F6D055B8 /* Pods-Skylux_iOSTests.debug.xcconfig */ = {isa = PBXFileReference; includeInIndex = 1; lastKnownFileType = text.xcconfig; name = "Pods-Skylux_iOSTests.debug.xcconfig"; path = "Pods/Target Support Files/Pods-Skylux_iOSTests/Pods-Skylux_iOSTests.debug.xcconfig"; sourceTree = "<group>"; };
		CDEC356D4444252CE9628B18 /* Pods_Skylux_iOSUITests.framework */ = {isa = PBXFileReference; explicitFileType = wrapper.framework; includeInIndex = 0; path = Pods_Skylux_iOSUITests.framework; sourceTree = BUILT_PRODUCTS_DIR; };
		CE00C448BF773270000CF1AE /* Pods-Skylux_iOS.release.xcconfig */ = {isa = PBXFileReference; includeInIndex = 1; lastKnownFileType = text.xcconfig; name = "Pods-Skylux_iOS.release.xcconfig"; path = "Pods/Target Support Files/Pods-Skylux_iOS/Pods-Skylux_iOS.release.xcconfig"; sourceTree = "<group>"; };
		D79E95661FB1759F0069D5B7 /* Skylux_iOS.app */ = {isa = PBXFileReference; explicitFileType = wrapper.application; includeInIndex = 0; path = Skylux_iOS.app; sourceTree = BUILT_PRODUCTS_DIR; };
		D79E95691FB1759F0069D5B7 /* AppDelegate.swift */ = {isa = PBXFileReference; lastKnownFileType = sourcecode.swift; path = AppDelegate.swift; sourceTree = "<group>"; };
		D79E956B1FB1759F0069D5B7 /* ViewController.swift */ = {isa = PBXFileReference; lastKnownFileType = sourcecode.swift; path = ViewController.swift; sourceTree = "<group>"; };
		D79E956E1FB1759F0069D5B7 /* Base */ = {isa = PBXFileReference; lastKnownFileType = file.storyboard; name = Base; path = Base.lproj/Main.storyboard; sourceTree = "<group>"; };
		D79E95701FB1759F0069D5B7 /* Assets.xcassets */ = {isa = PBXFileReference; lastKnownFileType = folder.assetcatalog; path = Assets.xcassets; sourceTree = "<group>"; };
		D79E95731FB1759F0069D5B7 /* Base */ = {isa = PBXFileReference; lastKnownFileType = file.storyboard; name = Base; path = Base.lproj/LaunchScreen.storyboard; sourceTree = "<group>"; };
		D79E95751FB1759F0069D5B7 /* Info.plist */ = {isa = PBXFileReference; lastKnownFileType = text.plist.xml; path = Info.plist; sourceTree = "<group>"; };
		D79E957A1FB1759F0069D5B7 /* Skylux_iOSTests.xctest */ = {isa = PBXFileReference; explicitFileType = wrapper.cfbundle; includeInIndex = 0; path = Skylux_iOSTests.xctest; sourceTree = BUILT_PRODUCTS_DIR; };
		D79E957E1FB1759F0069D5B7 /* Skylux_iOSTests.swift */ = {isa = PBXFileReference; lastKnownFileType = sourcecode.swift; path = Skylux_iOSTests.swift; sourceTree = "<group>"; };
		D79E95801FB1759F0069D5B7 /* Info.plist */ = {isa = PBXFileReference; lastKnownFileType = text.plist.xml; path = Info.plist; sourceTree = "<group>"; };
		D79E95851FB1759F0069D5B7 /* Skylux_iOSUITests.xctest */ = {isa = PBXFileReference; explicitFileType = wrapper.cfbundle; includeInIndex = 0; path = Skylux_iOSUITests.xctest; sourceTree = BUILT_PRODUCTS_DIR; };
		D79E95891FB1759F0069D5B7 /* Skylux_iOSUITests.swift */ = {isa = PBXFileReference; lastKnownFileType = sourcecode.swift; path = Skylux_iOSUITests.swift; sourceTree = "<group>"; };
		D79E958B1FB1759F0069D5B7 /* Info.plist */ = {isa = PBXFileReference; lastKnownFileType = text.plist.xml; path = Info.plist; sourceTree = "<group>"; };
		F02D10654DF68F12BF52A37A /* Pods-Skylux_iOSUITests.release.xcconfig */ = {isa = PBXFileReference; includeInIndex = 1; lastKnownFileType = text.xcconfig; name = "Pods-Skylux_iOSUITests.release.xcconfig"; path = "Pods/Target Support Files/Pods-Skylux_iOSUITests/Pods-Skylux_iOSUITests.release.xcconfig"; sourceTree = "<group>"; };
/* End PBXFileReference section */

/* Begin PBXFrameworksBuildPhase section */
		D79E95631FB1759F0069D5B7 /* Frameworks */ = {
			isa = PBXFrameworksBuildPhase;
			buildActionMask = 2147483647;
			files = (
				1C2E1AAC44191DAA171CC8C4 /* Pods_Skylux_iOS.framework in Frameworks */,
			);
			runOnlyForDeploymentPostprocessing = 0;
		};
		D79E95771FB1759F0069D5B7 /* Frameworks */ = {
			isa = PBXFrameworksBuildPhase;
			buildActionMask = 2147483647;
			files = (
				970D63EB708F04AE48A47398 /* Pods_Skylux_iOSTests.framework in Frameworks */,
			);
			runOnlyForDeploymentPostprocessing = 0;
		};
		D79E95821FB1759F0069D5B7 /* Frameworks */ = {
			isa = PBXFrameworksBuildPhase;
			buildActionMask = 2147483647;
			files = (
				7FCA220B9CFCBB9F7E6C82C0 /* Pods_Skylux_iOSUITests.framework in Frameworks */,
			);
			runOnlyForDeploymentPostprocessing = 0;
		};
/* End PBXFrameworksBuildPhase section */

/* Begin PBXGroup section */
		6AA6B80CD14D7793D5A918FA /* Pods */ = {
			isa = PBXGroup;
			children = (
				4577A0DC961A9362D245F071 /* Pods-Skylux_iOS.debug.xcconfig */,
				CE00C448BF773270000CF1AE /* Pods-Skylux_iOS.release.xcconfig */,
				8248BC8D29619E98F6D055B8 /* Pods-Skylux_iOSTests.debug.xcconfig */,
				5218999C6B39208EE3E2185D /* Pods-Skylux_iOSTests.release.xcconfig */,
				04807EE7F1006E2BAA94EACE /* Pods-Skylux_iOSUITests.debug.xcconfig */,
				F02D10654DF68F12BF52A37A /* Pods-Skylux_iOSUITests.release.xcconfig */,
			);
			name = Pods;
			sourceTree = "<group>";
		};
		D79E955D1FB1759F0069D5B7 = {
			isa = PBXGroup;
			children = (
				D79E95681FB1759F0069D5B7 /* Skylux_iOS */,
				D79E957D1FB1759F0069D5B7 /* Skylux_iOSTests */,
				D79E95881FB1759F0069D5B7 /* Skylux_iOSUITests */,
				D79E95671FB1759F0069D5B7 /* Products */,
				6AA6B80CD14D7793D5A918FA /* Pods */,
				F6ED7A286D61D1B753B0DCC7 /* Frameworks */,
			);
			sourceTree = "<group>";
		};
		D79E95671FB1759F0069D5B7 /* Products */ = {
			isa = PBXGroup;
			children = (
				D79E95661FB1759F0069D5B7 /* Skylux_iOS.app */,
				D79E957A1FB1759F0069D5B7 /* Skylux_iOSTests.xctest */,
				D79E95851FB1759F0069D5B7 /* Skylux_iOSUITests.xctest */,
			);
			name = Products;
			sourceTree = "<group>";
		};
		D79E95681FB1759F0069D5B7 /* Skylux_iOS */ = {
			isa = PBXGroup;
			children = (
				D79E95691FB1759F0069D5B7 /* AppDelegate.swift */,
				D79E956B1FB1759F0069D5B7 /* ViewController.swift */,
				D79E956D1FB1759F0069D5B7 /* Main.storyboard */,
				D79E95701FB1759F0069D5B7 /* Assets.xcassets */,
				D79E95721FB1759F0069D5B7 /* LaunchScreen.storyboard */,
				D79E95751FB1759F0069D5B7 /* Info.plist */,
			);
			path = Skylux_iOS;
			sourceTree = "<group>";
		};
		D79E957D1FB1759F0069D5B7 /* Skylux_iOSTests */ = {
			isa = PBXGroup;
			children = (
				D79E957E1FB1759F0069D5B7 /* Skylux_iOSTests.swift */,
				D79E95801FB1759F0069D5B7 /* Info.plist */,
			);
			path = Skylux_iOSTests;
			sourceTree = "<group>";
		};
		D79E95881FB1759F0069D5B7 /* Skylux_iOSUITests */ = {
			isa = PBXGroup;
			children = (
				D79E95891FB1759F0069D5B7 /* Skylux_iOSUITests.swift */,
				D79E958B1FB1759F0069D5B7 /* Info.plist */,
			);
			path = Skylux_iOSUITests;
			sourceTree = "<group>";
		};
		F6ED7A286D61D1B753B0DCC7 /* Frameworks */ = {
			isa = PBXGroup;
			children = (
				042463083CCF98CA56D95303 /* Pods_Skylux_iOS.framework */,
				49D50C8190841E03AFD97B88 /* Pods_Skylux_iOSTests.framework */,
				CDEC356D4444252CE9628B18 /* Pods_Skylux_iOSUITests.framework */,
			);
			name = Frameworks;
			sourceTree = "<group>";
		};
/* End PBXGroup section */

/* Begin PBXNativeTarget section */
		D79E95651FB1759F0069D5B7 /* Skylux_iOS */ = {
			isa = PBXNativeTarget;
			buildConfigurationList = D79E958E1FB1759F0069D5B7 /* Build configuration list for PBXNativeTarget "Skylux_iOS" */;
			buildPhases = (
				4611D5C839543DB5EC587959 /* [CP] Check Pods Manifest.lock */,
				D79E95621FB1759F0069D5B7 /* Sources */,
				D79E95631FB1759F0069D5B7 /* Frameworks */,
				D79E95641FB1759F0069D5B7 /* Resources */,
				E15327060824CB2B348B971E /* [CP] Embed Pods Frameworks */,
				6B3C3F3233B6ED019382CADB /* [CP] Copy Pods Resources */,
			);
			buildRules = (
			);
			dependencies = (
			);
			name = Skylux_iOS;
			productName = Skylux_iOS;
			productReference = D79E95661FB1759F0069D5B7 /* Skylux_iOS.app */;
			productType = "com.apple.product-type.application";
		};
		D79E95791FB1759F0069D5B7 /* Skylux_iOSTests */ = {
			isa = PBXNativeTarget;
			buildConfigurationList = D79E95911FB1759F0069D5B7 /* Build configuration list for PBXNativeTarget "Skylux_iOSTests" */;
			buildPhases = (
				1E5F14C7F3F09356B1F98EFD /* [CP] Check Pods Manifest.lock */,
				D79E95761FB1759F0069D5B7 /* Sources */,
				D79E95771FB1759F0069D5B7 /* Frameworks */,
				D79E95781FB1759F0069D5B7 /* Resources */,
				AB57391DF3AF19D10827269A /* [CP] Embed Pods Frameworks */,
				1047F59D466C6C5BFA5B4304 /* [CP] Copy Pods Resources */,
			);
			buildRules = (
			);
			dependencies = (
				D79E957C1FB1759F0069D5B7 /* PBXTargetDependency */,
			);
			name = Skylux_iOSTests;
			productName = Skylux_iOSTests;
			productReference = D79E957A1FB1759F0069D5B7 /* Skylux_iOSTests.xctest */;
			productType = "com.apple.product-type.bundle.unit-test";
		};
		D79E95841FB1759F0069D5B7 /* Skylux_iOSUITests */ = {
			isa = PBXNativeTarget;
			buildConfigurationList = D79E95941FB1759F0069D5B7 /* Build configuration list for PBXNativeTarget "Skylux_iOSUITests" */;
			buildPhases = (
				CDB8D7A6AEB8935C0E2BA871 /* [CP] Check Pods Manifest.lock */,
				D79E95811FB1759F0069D5B7 /* Sources */,
				D79E95821FB1759F0069D5B7 /* Frameworks */,
				D79E95831FB1759F0069D5B7 /* Resources */,
				E242E196EFF9347044D65978 /* [CP] Embed Pods Frameworks */,
				9B1B303324D471D8B596590F /* [CP] Copy Pods Resources */,
			);
			buildRules = (
			);
			dependencies = (
				D79E95871FB1759F0069D5B7 /* PBXTargetDependency */,
			);
			name = Skylux_iOSUITests;
			productName = Skylux_iOSUITests;
			productReference = D79E95851FB1759F0069D5B7 /* Skylux_iOSUITests.xctest */;
			productType = "com.apple.product-type.bundle.ui-testing";
		};
/* End PBXNativeTarget section */

/* Begin PBXProject section */
		D79E955E1FB1759F0069D5B7 /* Project object */ = {
			isa = PBXProject;
			attributes = {
				LastSwiftUpdateCheck = 0910;
				LastUpgradeCheck = 0910;
				ORGANIZATIONNAME = "James Green";
				TargetAttributes = {
					D79E95651FB1759F0069D5B7 = {
						CreatedOnToolsVersion = 9.1;
						ProvisioningStyle = Automatic;
					};
					D79E95791FB1759F0069D5B7 = {
						CreatedOnToolsVersion = 9.1;
						ProvisioningStyle = Automatic;
						TestTargetID = D79E95651FB1759F0069D5B7;
					};
					D79E95841FB1759F0069D5B7 = {
						CreatedOnToolsVersion = 9.1;
						ProvisioningStyle = Automatic;
						TestTargetID = D79E95651FB1759F0069D5B7;
					};
				};
			};
			buildConfigurationList = D79E95611FB1759F0069D5B7 /* Build configuration list for PBXProject "Skylux_iOS" */;
			compatibilityVersion = "Xcode 8.0";
			developmentRegion = en;
			hasScannedForEncodings = 0;
			knownRegions = (
				en,
				Base,
			);
			mainGroup = D79E955D1FB1759F0069D5B7;
			productRefGroup = D79E95671FB1759F0069D5B7 /* Products */;
			projectDirPath = "";
			projectRoot = "";
			targets = (
				D79E95651FB1759F0069D5B7 /* Skylux_iOS */,
				D79E95791FB1759F0069D5B7 /* Skylux_iOSTests */,
				D79E95841FB1759F0069D5B7 /* Skylux_iOSUITests */,
			);
		};
/* End PBXProject section */

/* Begin PBXResourcesBuildPhase section */
		D79E95641FB1759F0069D5B7 /* Resources */ = {
			isa = PBXResourcesBuildPhase;
			buildActionMask = 2147483647;
			files = (
				D79E95741FB1759F0069D5B7 /* LaunchScreen.storyboard in Resources */,
				D79E95711FB1759F0069D5B7 /* Assets.xcassets in Resources */,
				D79E956F1FB1759F0069D5B7 /* Main.storyboard in Resources */,
			);
			runOnlyForDeploymentPostprocessing = 0;
		};
		D79E95781FB1759F0069D5B7 /* Resources */ = {
			isa = PBXResourcesBuildPhase;
			buildActionMask = 2147483647;
			files = (
			);
			runOnlyForDeploymentPostprocessing = 0;
		};
		D79E95831FB1759F0069D5B7 /* Resources */ = {
			isa = PBXResourcesBuildPhase;
			buildActionMask = 2147483647;
			files = (
			);
			runOnlyForDeploymentPostprocessing = 0;
		};
/* End PBXResourcesBuildPhase section */

/* Begin PBXShellScriptBuildPhase section */
		1047F59D466C6C5BFA5B4304 /* [CP] Copy Pods Resources */ = {
			isa = PBXShellScriptBuildPhase;
			buildActionMask = 2147483647;
			files = (
			);
			inputPaths = (
			);
			name = "[CP] Copy Pods Resources";
			outputPaths = (
			);
			runOnlyForDeploymentPostprocessing = 0;
			shellPath = /bin/sh;
			shellScript = "\"${SRCROOT}/Pods/Target Support Files/Pods-Skylux_iOSTests/Pods-Skylux_iOSTests-resources.sh\"\n";
			showEnvVarsInLog = 0;
		};
		1E5F14C7F3F09356B1F98EFD /* [CP] Check Pods Manifest.lock */ = {
			isa = PBXShellScriptBuildPhase;
			buildActionMask = 2147483647;
			files = (
			);
			inputPaths = (
				"${PODS_PODFILE_DIR_PATH}/Podfile.lock",
				"${PODS_ROOT}/Manifest.lock",
			);
			name = "[CP] Check Pods Manifest.lock";
			outputPaths = (
				"$(DERIVED_FILE_DIR)/Pods-Skylux_iOSTests-checkManifestLockResult.txt",
			);
			runOnlyForDeploymentPostprocessing = 0;
			shellPath = /bin/sh;
			shellScript = "diff \"${PODS_PODFILE_DIR_PATH}/Podfile.lock\" \"${PODS_ROOT}/Manifest.lock\" > /dev/null\nif [ $? != 0 ] ; then\n    # print error to STDERR\n    echo \"error: The sandbox is not in sync with the Podfile.lock. Run 'pod install' or update your CocoaPods installation.\" >&2\n    exit 1\nfi\n# This output is used by Xcode 'outputs' to avoid re-running this script phase.\necho \"SUCCESS\" > \"${SCRIPT_OUTPUT_FILE_0}\"\n";
			showEnvVarsInLog = 0;
		};
		4611D5C839543DB5EC587959 /* [CP] Check Pods Manifest.lock */ = {
			isa = PBXShellScriptBuildPhase;
			buildActionMask = 2147483647;
			files = (
			);
			inputPaths = (
				"${PODS_PODFILE_DIR_PATH}/Podfile.lock",
				"${PODS_ROOT}/Manifest.lock",
			);
			name = "[CP] Check Pods Manifest.lock";
			outputPaths = (
				"$(DERIVED_FILE_DIR)/Pods-Skylux_iOS-checkManifestLockResult.txt",
			);
			runOnlyForDeploymentPostprocessing = 0;
			shellPath = /bin/sh;
			shellScript = "diff \"${PODS_PODFILE_DIR_PATH}/Podfile.lock\" \"${PODS_ROOT}/Manifest.lock\" > /dev/null\nif [ $? != 0 ] ; then\n    # print error to STDERR\n    echo \"error: The sandbox is not in sync with the Podfile.lock. Run 'pod install' or update your CocoaPods installation.\" >&2\n    exit 1\nfi\n# This output is used by Xcode 'outputs' to avoid re-running this script phase.\necho \"SUCCESS\" > \"${SCRIPT_OUTPUT_FILE_0}\"\n";
			showEnvVarsInLog = 0;
		};
		6B3C3F3233B6ED019382CADB /* [CP] Copy Pods Resources */ = {
			isa = PBXShellScriptBuildPhase;
			buildActionMask = 2147483647;
			files = (
			);
			inputPaths = (
			);
			name = "[CP] Copy Pods Resources";
			outputPaths = (
			);
			runOnlyForDeploymentPostprocessing = 0;
			shellPath = /bin/sh;
			shellScript = "\"${SRCROOT}/Pods/Target Support Files/Pods-Skylux_iOS/Pods-Skylux_iOS-resources.sh\"\n";
			showEnvVarsInLog = 0;
		};
		9B1B303324D471D8B596590F /* [CP] Copy Pods Resources */ = {
			isa = PBXShellScriptBuildPhase;
			buildActionMask = 2147483647;
			files = (
			);
			inputPaths = (
			);
			name = "[CP] Copy Pods Resources";
			outputPaths = (
			);
			runOnlyForDeploymentPostprocessing = 0;
			shellPath = /bin/sh;
			shellScript = "\"${SRCROOT}/Pods/Target Support Files/Pods-Skylux_iOSUITests/Pods-Skylux_iOSUITests-resources.sh\"\n";
			showEnvVarsInLog = 0;
		};
		AB57391DF3AF19D10827269A /* [CP] Embed Pods Frameworks */ = {
			isa = PBXShellScriptBuildPhase;
			buildActionMask = 2147483647;
			files = (
			);
			inputPaths = (
			);
			name = "[CP] Embed Pods Frameworks";
			outputPaths = (
			);
			runOnlyForDeploymentPostprocessing = 0;
			shellPath = /bin/sh;
			shellScript = "\"${SRCROOT}/Pods/Target Support Files/Pods-Skylux_iOSTests/Pods-Skylux_iOSTests-frameworks.sh\"\n";
			showEnvVarsInLog = 0;
		};
		CDB8D7A6AEB8935C0E2BA871 /* [CP] Check Pods Manifest.lock */ = {
			isa = PBXShellScriptBuildPhase;
			buildActionMask = 2147483647;
			files = (
			);
			inputPaths = (
				"${PODS_PODFILE_DIR_PATH}/Podfile.lock",
				"${PODS_ROOT}/Manifest.lock",
			);
			name = "[CP] Check Pods Manifest.lock";
			outputPaths = (
				"$(DERIVED_FILE_DIR)/Pods-Skylux_iOSUITests-checkManifestLockResult.txt",
			);
			runOnlyForDeploymentPostprocessing = 0;
			shellPath = /bin/sh;
			shellScript = "diff \"${PODS_PODFILE_DIR_PATH}/Podfile.lock\" \"${PODS_ROOT}/Manifest.lock\" > /dev/null\nif [ $? != 0 ] ; then\n    # print error to STDERR\n    echo \"error: The sandbox is not in sync with the Podfile.lock. Run 'pod install' or update your CocoaPods installation.\" >&2\n    exit 1\nfi\n# This output is used by Xcode 'outputs' to avoid re-running this script phase.\necho \"SUCCESS\" > \"${SCRIPT_OUTPUT_FILE_0}\"\n";
			showEnvVarsInLog = 0;
		};
		E15327060824CB2B348B971E /* [CP] Embed Pods Frameworks */ = {
			isa = PBXShellScriptBuildPhase;
			buildActionMask = 2147483647;
			files = (
			);
			inputPaths = (
				"${SRCROOT}/Pods/Target Support Files/Pods-Skylux_iOS/Pods-Skylux_iOS-frameworks.sh",
				"${BUILT_PRODUCTS_DIR}/Moscapsule/Moscapsule.framework",
			);
			name = "[CP] Embed Pods Frameworks";
			outputPaths = (
				"${TARGET_BUILD_DIR}/${FRAMEWORKS_FOLDER_PATH}/Moscapsule.framework",
			);
			runOnlyForDeploymentPostprocessing = 0;
			shellPath = /bin/sh;
			shellScript = "\"${SRCROOT}/Pods/Target Support Files/Pods-Skylux_iOS/Pods-Skylux_iOS-frameworks.sh\"\n";
			showEnvVarsInLog = 0;
		};
		E242E196EFF9347044D65978 /* [CP] Embed Pods Frameworks */ = {
			isa = PBXShellScriptBuildPhase;
			buildActionMask = 2147483647;
			files = (
			);
			inputPaths = (
			);
			name = "[CP] Embed Pods Frameworks";
			outputPaths = (
			);
			runOnlyForDeploymentPostprocessing = 0;
			shellPath = /bin/sh;
			shellScript = "\"${SRCROOT}/Pods/Target Support Files/Pods-Skylux_iOSUITests/Pods-Skylux_iOSUITests-frameworks.sh\"\n";
			showEnvVarsInLog = 0;
		};
/* End PBXShellScriptBuildPhase section */

/* Begin PBXSourcesBuildPhase section */
		D79E95621FB1759F0069D5B7 /* Sources */ = {
			isa = PBXSourcesBuildPhase;
			buildActionMask = 2147483647;
			files = (
				D79E956C1FB1759F0069D5B7 /* ViewController.swift in Sources */,
				D79E956A1FB1759F0069D5B7 /* AppDelegate.swift in Sources */,
			);
			runOnlyForDeploymentPostprocessing = 0;
		};
		D79E95761FB1759F0069D5B7 /* Sources */ = {
			isa = PBXSourcesBuildPhase;
			buildActionMask = 2147483647;
			files = (
				D79E957F1FB1759F0069D5B7 /* Skylux_iOSTests.swift in Sources */,
			);
			runOnlyForDeploymentPostprocessing = 0;
		};
		D79E95811FB1759F0069D5B7 /* Sources */ = {
			isa = PBXSourcesBuildPhase;
			buildActionMask = 2147483647;
			files = (
				D79E958A1FB1759F0069D5B7 /* Skylux_iOSUITests.swift in Sources */,
			);
			runOnlyForDeploymentPostprocessing = 0;
		};
/* End PBXSourcesBuildPhase section */

/* Begin PBXTargetDependency section */
		D79E957C1FB1759F0069D5B7 /* PBXTargetDependency */ = {
			isa = PBXTargetDependency;
			target = D79E95651FB1759F0069D5B7 /* Skylux_iOS */;
			targetProxy = D79E957B1FB1759F0069D5B7 /* PBXContainerItemProxy */;
		};
		D79E95871FB1759F0069D5B7 /* PBXTargetDependency */ = {
			isa = PBXTargetDependency;
			target = D79E95651FB1759F0069D5B7 /* Skylux_iOS */;
			targetProxy = D79E95861FB1759F0069D5B7 /* PBXContainerItemProxy */;
		};
/* End PBXTargetDependency section */

/* Begin PBXVariantGroup section */
		D79E956D1FB1759F0069D5B7 /* Main.storyboard */ = {
			isa = PBXVariantGroup;
			children = (
				D79E956E1FB1759F0069D5B7 /* Base */,
			);
			name = Main.storyboard;
			sourceTree = "<group>";
		};
		D79E95721FB1759F0069D5B7 /* LaunchScreen.storyboard */ = {
			isa = PBXVariantGroup;
			children = (
				D79E95731FB1759F0069D5B7 /* Base */,
			);
			name = LaunchScreen.storyboard;
			sourceTree = "<group>";
		};
/* End PBXVariantGroup section */

/* Begin XCBuildConfiguration section */
		D79E958C1FB1759F0069D5B7 /* Debug */ = {
			isa = XCBuildConfiguration;
			buildSettings = {
				ALWAYS_SEARCH_USER_PATHS = NO;
				CLANG_ANALYZER_NONNULL = YES;
				CLANG_ANALYZER_NUMBER_OBJECT_CONVERSION = YES_AGGRESSIVE;
				CLANG_CXX_LANGUAGE_STANDARD = "gnu++14";
				CLANG_CXX_LIBRARY = "libc++";
				CLANG_ENABLE_MODULES = YES;
				CLANG_ENABLE_OBJC_ARC = YES;
				CLANG_WARN_BLOCK_CAPTURE_AUTORELEASING = YES;
				CLANG_WARN_BOOL_CONVERSION = YES;
				CLANG_WARN_COMMA = YES;
				CLANG_WARN_CONSTANT_CONVERSION = YES;
				CLANG_WARN_DIRECT_OBJC_ISA_USAGE = YES_ERROR;
				CLANG_WARN_DOCUMENTATION_COMMENTS = YES;
				CLANG_WARN_EMPTY_BODY = YES;
				CLANG_WARN_ENUM_CONVERSION = YES;
				CLANG_WARN_INFINITE_RECURSION = YES;
				CLANG_WARN_INT_CONVERSION = YES;
				CLANG_WARN_NON_LITERAL_NULL_CONVERSION = YES;
				CLANG_WARN_OBJC_LITERAL_CONVERSION = YES;
				CLANG_WARN_OBJC_ROOT_CLASS = YES_ERROR;
				CLANG_WARN_RANGE_LOOP_ANALYSIS = YES;
				CLANG_WARN_STRICT_PROTOTYPES = YES;
				CLANG_WARN_SUSPICIOUS_MOVE = YES;
				CLANG_WARN_UNGUARDED_AVAILABILITY = YES_AGGRESSIVE;
				CLANG_WARN_UNREACHABLE_CODE = YES;
				CLANG_WARN__DUPLICATE_METHOD_MATCH = YES;
				CODE_SIGN_IDENTITY = "iPhone Developer";
				COPY_PHASE_STRIP = NO;
				DEBUG_INFORMATION_FORMAT = dwarf;
				ENABLE_STRICT_OBJC_MSGSEND = YES;
				ENABLE_TESTABILITY = YES;
				GCC_C_LANGUAGE_STANDARD = gnu11;
				GCC_DYNAMIC_NO_PIC = NO;
				GCC_NO_COMMON_BLOCKS = YES;
				GCC_OPTIMIZATION_LEVEL = 0;
				GCC_PREPROCESSOR_DEFINITIONS = (
					"DEBUG=1",
					"$(inherited)",
				);
				GCC_WARN_64_TO_32_BIT_CONVERSION = YES;
				GCC_WARN_ABOUT_RETURN_TYPE = YES_ERROR;
				GCC_WARN_UNDECLARED_SELECTOR = YES;
				GCC_WARN_UNINITIALIZED_AUTOS = YES_AGGRESSIVE;
				GCC_WARN_UNUSED_FUNCTION = YES;
				GCC_WARN_UNUSED_VARIABLE = YES;
				IPHONEOS_DEPLOYMENT_TARGET = 11.1;
				MTL_ENABLE_DEBUG_INFO = YES;
				ONLY_ACTIVE_ARCH = YES;
				SDKROOT = iphoneos;
				SWIFT_ACTIVE_COMPILATION_CONDITIONS = DEBUG;
				SWIFT_OPTIMIZATION_LEVEL = "-Onone";
			};
			name = Debug;
		};
		D79E958D1FB1759F0069D5B7 /* Release */ = {
			isa = XCBuildConfiguration;
			buildSettings = {
				ALWAYS_SEARCH_USER_PATHS = NO;
				CLANG_ANALYZER_NONNULL = YES;
				CLANG_ANALYZER_NUMBER_OBJECT_CONVERSION = YES_AGGRESSIVE;
				CLANG_CXX_LANGUAGE_STANDARD = "gnu++14";
				CLANG_CXX_LIBRARY = "libc++";
				CLANG_ENABLE_MODULES = YES;
				CLANG_ENABLE_OBJC_ARC = YES;
				CLANG_WARN_BLOCK_CAPTURE_AUTORELEASING = YES;
				CLANG_WARN_BOOL_CONVERSION = YES;
				CLANG_WARN_COMMA = YES;
				CLANG_WARN_CONSTANT_CONVERSION = YES;
				CLANG_WARN_DIRECT_OBJC_ISA_USAGE = YES_ERROR;
				CLANG_WARN_DOCUMENTATION_COMMENTS = YES;
				CLANG_WARN_EMPTY_BODY = YES;
				CLANG_WARN_ENUM_CONVERSION = YES;
				CLANG_WARN_INFINITE_RECURSION = YES;
				CLANG_WARN_INT_CONVERSION = YES;
				CLANG_WARN_NON_LITERAL_NULL_CONVERSION = YES;
				CLANG_WARN_OBJC_LITERAL_CONVERSION = YES;
				CLANG_WARN_OBJC_ROOT_CLASS = YES_ERROR;
				CLANG_WARN_RANGE_LOOP_ANALYSIS = YES;
				CLANG_WARN_STRICT_PROTOTYPES = YES;
				CLANG_WARN_SUSPICIOUS_MOVE = YES;
				CLANG_WARN_UNGUARDED_AVAILABILITY = YES_AGGRESSIVE;
				CLANG_WARN_UNREACHABLE_CODE = YES;
				CLANG_WARN__DUPLICATE_METHOD_MATCH = YES;
				CODE_SIGN_IDENTITY = "iPhone Developer";
				COPY_PHASE_STRIP = NO;
				DEBUG_INFORMATION_FORMAT = "dwarf-with-dsym";
				ENABLE_NS_ASSERTIONS = NO;
				ENABLE_STRICT_OBJC_MSGSEND = YES;
				GCC_C_LANGUAGE_STANDARD = gnu11;
				GCC_NO_COMMON_BLOCKS = YES;
				GCC_WARN_64_TO_32_BIT_CONVERSION = YES;
				GCC_WARN_ABOUT_RETURN_TYPE = YES_ERROR;
				GCC_WARN_UNDECLARED_SELECTOR = YES;
				GCC_WARN_UNINITIALIZED_AUTOS = YES_AGGRESSIVE;
				GCC_WARN_UNUSED_FUNCTION = YES;
				GCC_WARN_UNUSED_VARIABLE = YES;
				IPHONEOS_DEPLOYMENT_TARGET = 11.1;
				MTL_ENABLE_DEBUG_INFO = NO;
				SDKROOT = iphoneos;
				SWIFT_OPTIMIZATION_LEVEL = "-Owholemodule";
				VALIDATE_PRODUCT = YES;
			};
			name = Release;
		};
		D79E958F1FB1759F0069D5B7 /* Debug */ = {
			isa = XCBuildConfiguration;
			baseConfigurationReference = 4577A0DC961A9362D245F071 /* Pods-Skylux_iOS.debug.xcconfig */;
			buildSettings = {
				ASSETCATALOG_COMPILER_APPICON_NAME = AppIcon;
				CODE_SIGN_STYLE = Automatic;
				DEVELOPMENT_TEAM = CFMK9QXTCD;
				INFOPLIST_FILE = Skylux_iOS/Info.plist;
				LD_RUNPATH_SEARCH_PATHS = "$(inherited) @executable_path/Frameworks";
				PRODUCT_BUNDLE_IDENTIFIER = "seniorProject.Skylux-iOS";
				PRODUCT_NAME = "$(TARGET_NAME)";
				SWIFT_VERSION = 4.0;
				TARGETED_DEVICE_FAMILY = "1,2";
			};
			name = Debug;
		};
		D79E95901FB1759F0069D5B7 /* Release */ = {
			isa = XCBuildConfiguration;
			baseConfigurationReference = CE00C448BF773270000CF1AE /* Pods-Skylux_iOS.release.xcconfig */;
			buildSettings = {
				ASSETCATALOG_COMPILER_APPICON_NAME = AppIcon;
				CODE_SIGN_STYLE = Automatic;
				DEVELOPMENT_TEAM = CFMK9QXTCD;
				INFOPLIST_FILE = Skylux_iOS/Info.plist;
				LD_RUNPATH_SEARCH_PATHS = "$(inherited) @executable_path/Frameworks";
				PRODUCT_BUNDLE_IDENTIFIER = "seniorProject.Skylux-iOS";
				PRODUCT_NAME = "$(TARGET_NAME)";
				SWIFT_VERSION = 4.0;
				TARGETED_DEVICE_FAMILY = "1,2";
			};
			name = Release;
		};
		D79E95921FB1759F0069D5B7 /* Debug */ = {
			isa = XCBuildConfiguration;
			baseConfigurationReference = 8248BC8D29619E98F6D055B8 /* Pods-Skylux_iOSTests.debug.xcconfig */;
			buildSettings = {
				ALWAYS_EMBED_SWIFT_STANDARD_LIBRARIES = YES;
				BUNDLE_LOADER = "$(TEST_HOST)";
				CODE_SIGN_STYLE = Automatic;
				DEVELOPMENT_TEAM = CFMK9QXTCD;
				INFOPLIST_FILE = Skylux_iOSTests/Info.plist;
				LD_RUNPATH_SEARCH_PATHS = "$(inherited) @executable_path/Frameworks @loader_path/Frameworks";
				PRODUCT_BUNDLE_IDENTIFIER = "seniorProject.Skylux-iOSTests";
				PRODUCT_NAME = "$(TARGET_NAME)";
				SWIFT_VERSION = 4.0;
				TARGETED_DEVICE_FAMILY = "1,2";
				TEST_HOST = "$(BUILT_PRODUCTS_DIR)/Skylux_iOS.app/Skylux_iOS";
			};
			name = Debug;
		};
		D79E95931FB1759F0069D5B7 /* Release */ = {
			isa = XCBuildConfiguration;
			baseConfigurationReference = 5218999C6B39208EE3E2185D /* Pods-Skylux_iOSTests.release.xcconfig */;
			buildSettings = {
				ALWAYS_EMBED_SWIFT_STANDARD_LIBRARIES = YES;
				BUNDLE_LOADER = "$(TEST_HOST)";
				CODE_SIGN_STYLE = Automatic;
				DEVELOPMENT_TEAM = CFMK9QXTCD;
				INFOPLIST_FILE = Skylux_iOSTests/Info.plist;
				LD_RUNPATH_SEARCH_PATHS = "$(inherited) @executable_path/Frameworks @loader_path/Frameworks";
				PRODUCT_BUNDLE_IDENTIFIER = "seniorProject.Skylux-iOSTests";
				PRODUCT_NAME = "$(TARGET_NAME)";
				SWIFT_VERSION = 4.0;
				TARGETED_DEVICE_FAMILY = "1,2";
				TEST_HOST = "$(BUILT_PRODUCTS_DIR)/Skylux_iOS.app/Skylux_iOS";
			};
			name = Release;
		};
		D79E95951FB1759F0069D5B7 /* Debug */ = {
			isa = XCBuildConfiguration;
			baseConfigurationReference = 04807EE7F1006E2BAA94EACE /* Pods-Skylux_iOSUITests.debug.xcconfig */;
			buildSettings = {
				ALWAYS_EMBED_SWIFT_STANDARD_LIBRARIES = YES;
				CODE_SIGN_STYLE = Automatic;
				DEVELOPMENT_TEAM = CFMK9QXTCD;
				INFOPLIST_FILE = Skylux_iOSUITests/Info.plist;
				LD_RUNPATH_SEARCH_PATHS = "$(inherited) @executable_path/Frameworks @loader_path/Frameworks";
				PRODUCT_BUNDLE_IDENTIFIER = "seniorProject.Skylux-iOSUITests";
				PRODUCT_NAME = "$(TARGET_NAME)";
				SWIFT_VERSION = 4.0;
				TARGETED_DEVICE_FAMILY = "1,2";
				TEST_TARGET_NAME = Skylux_iOS;
			};
			name = Debug;
		};
		D79E95961FB1759F0069D5B7 /* Release */ = {
			isa = XCBuildConfiguration;
			baseConfigurationReference = F02D10654DF68F12BF52A37A /* Pods-Skylux_iOSUITests.release.xcconfig */;
			buildSettings = {
				ALWAYS_EMBED_SWIFT_STANDARD_LIBRARIES = YES;
				CODE_SIGN_STYLE = Automatic;
				DEVELOPMENT_TEAM = CFMK9QXTCD;
				INFOPLIST_FILE = Skylux_iOSUITests/Info.plist;
				LD_RUNPATH_SEARCH_PATHS = "$(inherited) @executable_path/Frameworks @loader_path/Frameworks";
				PRODUCT_BUNDLE_IDENTIFIER = "seniorProject.Skylux-iOSUITests";
				PRODUCT_NAME = "$(TARGET_NAME)";
				SWIFT_VERSION = 4.0;
				TARGETED_DEVICE_FAMILY = "1,2";
				TEST_TARGET_NAME = Skylux_iOS;
			};
			name = Release;
		};
/* End XCBuildConfiguration section */

/* Begin XCConfigurationList section */
		D79E95611FB1759F0069D5B7 /* Build configuration list for PBXProject "Skylux_iOS" */ = {
			isa = XCConfigurationList;
			buildConfigurations = (
				D79E958C1FB1759F0069D5B7 /* Debug */,
				D79E958D1FB1759F0069D5B7 /* Release */,
			);
			defaultConfigurationIsVisible = 0;
			defaultConfigurationName = Release;
		};
		D79E958E1FB1759F0069D5B7 /* Build configuration list for PBXNativeTarget "Skylux_iOS" */ = {
			isa = XCConfigurationList;
			buildConfigurations = (
				D79E958F1FB1759F0069D5B7 /* Debug */,
				D79E95901FB1759F0069D5B7 /* Release */,
			);
			defaultConfigurationIsVisible = 0;
			defaultConfigurationName = Release;
		};
		D79E95911FB1759F0069D5B7 /* Build configuration list for PBXNativeTarget "Skylux_iOSTests" */ = {
			isa = XCConfigurationList;
			buildConfigurations = (
				D79E95921FB1759F0069D5B7 /* Debug */,
				D79E95931FB1759F0069D5B7 /* Release */,
			);
			defaultConfigurationIsVisible = 0;
			defaultConfigurationName = Release;
		};
		D79E95941FB1759F0069D5B7 /* Build configuration list for PBXNativeTarget "Skylux_iOSUITests" */ = {
			isa = XCConfigurationList;
			buildConfigurations = (
				D79E95951FB1759F0069D5B7 /* Debug */,
				D79E95961FB1759F0069D5B7 /* Release */,
			);
			defaultConfigurationIsVisible = 0;
			defaultConfigurationName = Release;
		};
/* End XCConfigurationList section */
	};
	rootObject = D79E955E1FB1759F0069D5B7 /* Project object */;
}
